Microsoft Visual Studio Solution File, Format Version 12.00
# Visual Studio Version 17
VisualStudioVersion = 17.3.32819.101
MinimumVisualStudioVersion = 10.0.40219.1
Project("{2150E333-8FDC-42A3-9474-1A3956D46DE8}") = "Solution Items", "Solution Items", "{A42F4EF1-66F0-4ED0-9672-351D297D1DF7}"
	ProjectSection(SolutionItems) = preProject
		appveyor.yml = appveyor.yml
		Directory.Build.props = Directory.Build.props
		src\Directory.Build.props = src\Directory.Build.props
		Directory.Packages.props = Directory.Packages.props
		README.md = README.md
		Set-Version.psm1 = Set-Version.psm1
	EndProjectSection
EndProject
Project("{2150E333-8FDC-42A3-9474-1A3956D46DE8}") = "src", "src", "{D4B49614-55AA-46B7-B639-0EE7BAFAA722}"
EndProject
Project("{9A19103F-16F7-4668-BE54-9A1E7A4F7556}") = "Paramore.Darker", "src\Paramore.Darker\Paramore.Darker.csproj", "{1751F55C-5AE3-43DF-ADEB-8615B9102F70}"
EndProject
Project("{9A19103F-16F7-4668-BE54-9A1E7A4F7556}") = "Paramore.Darker.AspNetCore", "src\Paramore.Darker.AspNetCore\Paramore.Darker.AspNetCore.csproj", "{70F0798B-3685-44C2-B8F6-6EAEF57174B0}"
EndProject
Project("{9A19103F-16F7-4668-BE54-9A1E7A4F7556}") = "Paramore.Darker.Policies", "src\Paramore.Darker.Policies\Paramore.Darker.Policies.csproj", "{A4DF68F1-79F7-4B73-B1F6-BB59A6B8F136}"
EndProject
Project("{9A19103F-16F7-4668-BE54-9A1E7A4F7556}") = "Paramore.Darker.QueryLogging", "src\Paramore.Darker.QueryLogging\Paramore.Darker.QueryLogging.csproj", "{66702F2C-EA0D-48E8-821A-112A6D6CE231}"
EndProject
Project("{9A19103F-16F7-4668-BE54-9A1E7A4F7556}") = "Paramore.Darker.LightInject", "src\Paramore.Darker.LightInject\Paramore.Darker.LightInject.csproj", "{A92E15F9-CD84-43BF-8AF8-C605B9DFD264}"
EndProject
Project("{9A19103F-16F7-4668-BE54-9A1E7A4F7556}") = "Paramore.Darker.SimpleInjector", "src\Paramore.Darker.SimpleInjector\Paramore.Darker.SimpleInjector.csproj", "{F0619A4F-381A-4A42-AD88-2726BA1FECC4}"
EndProject
Project("{9A19103F-16F7-4668-BE54-9A1E7A4F7556}") = "Paramore.Darker.Testing", "src\Paramore.Darker.Testing\Paramore.Darker.Testing.csproj", "{7FF390B6-8FEF-471A-91AF-664FE2177BF2}"
EndProject
Project("{2150E333-8FDC-42A3-9474-1A3956D46DE8}") = "test", "test", "{1D9F464E-31FB-4275-8332-F1083911F830}"
EndProject
Project("{9A19103F-16F7-4668-BE54-9A1E7A4F7556}") = "Paramore.Darker.Tests", "test\Paramore.Darker.Tests\Paramore.Darker.Tests.csproj", "{5D607C14-A7B0-4055-A1F6-6CC64102DE57}"
EndProject
Project("{9A19103F-16F7-4668-BE54-9A1E7A4F7556}") = "Paramore.Darker.Benchmarks", "test\Paramore.Darker.Benchmarks\Paramore.Darker.Benchmarks.csproj", "{6EB80459-3AE8-4832-BD6F-F0DE5A59337B}"
EndProject
Project("{2150E333-8FDC-42A3-9474-1A3956D46DE8}") = "samples", "samples", "{75225A8D-3180-4D86-9D4D-0E85C8AF7810}"
EndProject
Project("{9A19103F-16F7-4668-BE54-9A1E7A4F7556}") = "Paramore.Darker.Testing.Ports", "test\Paramore.Darker.Testing.Ports\Paramore.Darker.Testing.Ports.csproj", "{BAE5E3C9-D7A6-4C4C-8291-1141031E4215}"
EndProject
Project("{9A19103F-16F7-4668-BE54-9A1E7A4F7556}") = "SampleMinimalApi", "samples\SampleMinimalApi\SampleMinimalApi.csproj", "{F383C752-9039-494E-9545-5E2555EE9747}"
EndProject
Project("{FAE04EC0-301F-11D3-BF4B-00C04F79EFBC}") = "Paramore.Darker.Tests.AOT", "test\Paramore.Darker.Tests.AOT\Paramore.Darker.Tests.AOT.csproj", "{9FD661C0-DE31-4FED-A98D-123B476BB3D8}"
EndProject
Project("{FAE04EC0-301F-11D3-BF4B-00C04F79EFBC}") = "SampleMauiTestApp", "SampleMauiTestApp\SampleMauiTestApp.csproj", "{46919655-7708-45F0-AB90-FD662ED8D4F7}"
EndProject
Project("{FAE04EC0-301F-11D3-BF4B-00C04F79EFBC}") = "Paramore.Test.Helpers", "test\Paramore.Test.Helpers\Paramore.Test.Helpers.csproj", "{134B22A6-D079-4FB3-5E89-2F3E6E3FE9F7}"
EndProject
Global
	GlobalSection(SolutionConfigurationPlatforms) = preSolution
		Debug|Any CPU = Debug|Any CPU
		Debug|x64 = Debug|x64
		Debug|x86 = Debug|x86
		Release|Any CPU = Release|Any CPU
		Release|x64 = Release|x64
		Release|x86 = Release|x86
	EndGlobalSection
	GlobalSection(ProjectConfigurationPlatforms) = postSolution
		{1751F55C-5AE3-43DF-ADEB-8615B9102F70}.Debug|Any CPU.ActiveCfg = Debug|Any CPU
		{1751F55C-5AE3-43DF-ADEB-8615B9102F70}.Debug|Any CPU.Build.0 = Debug|Any CPU
		{1751F55C-5AE3-43DF-ADEB-8615B9102F70}.Debug|x64.ActiveCfg = Debug|Any CPU
		{1751F55C-5AE3-43DF-ADEB-8615B9102F70}.Debug|x64.Build.0 = Debug|Any CPU
		{1751F55C-5AE3-43DF-ADEB-8615B9102F70}.Debug|x86.ActiveCfg = Debug|Any CPU
		{1751F55C-5AE3-43DF-ADEB-8615B9102F70}.Debug|x86.Build.0 = Debug|Any CPU
		{1751F55C-5AE3-43DF-ADEB-8615B9102F70}.Release|Any CPU.ActiveCfg = Release|Any CPU
		{1751F55C-5AE3-43DF-ADEB-8615B9102F70}.Release|Any CPU.Build.0 = Release|Any CPU
		{1751F55C-5AE3-43DF-ADEB-8615B9102F70}.Release|x64.ActiveCfg = Release|Any CPU
		{1751F55C-5AE3-43DF-ADEB-8615B9102F70}.Release|x64.Build.0 = Release|Any CPU
		{1751F55C-5AE3-43DF-ADEB-8615B9102F70}.Release|x86.ActiveCfg = Release|Any CPU
		{1751F55C-5AE3-43DF-ADEB-8615B9102F70}.Release|x86.Build.0 = Release|Any CPU
		{70F0798B-3685-44C2-B8F6-6EAEF57174B0}.Debug|Any CPU.ActiveCfg = Debug|Any CPU
		{70F0798B-3685-44C2-B8F6-6EAEF57174B0}.Debug|Any CPU.Build.0 = Debug|Any CPU
		{70F0798B-3685-44C2-B8F6-6EAEF57174B0}.Debug|x64.ActiveCfg = Debug|Any CPU
		{70F0798B-3685-44C2-B8F6-6EAEF57174B0}.Debug|x64.Build.0 = Debug|Any CPU
		{70F0798B-3685-44C2-B8F6-6EAEF57174B0}.Debug|x86.ActiveCfg = Debug|Any CPU
		{70F0798B-3685-44C2-B8F6-6EAEF57174B0}.Debug|x86.Build.0 = Debug|Any CPU
		{70F0798B-3685-44C2-B8F6-6EAEF57174B0}.Release|Any CPU.ActiveCfg = Release|Any CPU
		{70F0798B-3685-44C2-B8F6-6EAEF57174B0}.Release|Any CPU.Build.0 = Release|Any CPU
		{70F0798B-3685-44C2-B8F6-6EAEF57174B0}.Release|x64.ActiveCfg = Release|Any CPU
		{70F0798B-3685-44C2-B8F6-6EAEF57174B0}.Release|x64.Build.0 = Release|Any CPU
		{70F0798B-3685-44C2-B8F6-6EAEF57174B0}.Release|x86.ActiveCfg = Release|Any CPU
		{70F0798B-3685-44C2-B8F6-6EAEF57174B0}.Release|x86.Build.0 = Release|Any CPU
		{A4DF68F1-79F7-4B73-B1F6-BB59A6B8F136}.Debug|Any CPU.ActiveCfg = Debug|Any CPU
		{A4DF68F1-79F7-4B73-B1F6-BB59A6B8F136}.Debug|Any CPU.Build.0 = Debug|Any CPU
		{A4DF68F1-79F7-4B73-B1F6-BB59A6B8F136}.Debug|x64.ActiveCfg = Debug|Any CPU
		{A4DF68F1-79F7-4B73-B1F6-BB59A6B8F136}.Debug|x64.Build.0 = Debug|Any CPU
		{A4DF68F1-79F7-4B73-B1F6-BB59A6B8F136}.Debug|x86.ActiveCfg = Debug|Any CPU
		{A4DF68F1-79F7-4B73-B1F6-BB59A6B8F136}.Debug|x86.Build.0 = Debug|Any CPU
		{A4DF68F1-79F7-4B73-B1F6-BB59A6B8F136}.Release|Any CPU.ActiveCfg = Release|Any CPU
		{A4DF68F1-79F7-4B73-B1F6-BB59A6B8F136}.Release|Any CPU.Build.0 = Release|Any CPU
		{A4DF68F1-79F7-4B73-B1F6-BB59A6B8F136}.Release|x64.ActiveCfg = Release|Any CPU
		{A4DF68F1-79F7-4B73-B1F6-BB59A6B8F136}.Release|x64.Build.0 = Release|Any CPU
		{A4DF68F1-79F7-4B73-B1F6-BB59A6B8F136}.Release|x86.ActiveCfg = Release|Any CPU
		{A4DF68F1-79F7-4B73-B1F6-BB59A6B8F136}.Release|x86.Build.0 = Release|Any CPU
		{66702F2C-EA0D-48E8-821A-112A6D6CE231}.Debug|Any CPU.ActiveCfg = Debug|Any CPU
		{66702F2C-EA0D-48E8-821A-112A6D6CE231}.Debug|Any CPU.Build.0 = Debug|Any CPU
		{66702F2C-EA0D-48E8-821A-112A6D6CE231}.Debug|x64.ActiveCfg = Debug|Any CPU
		{66702F2C-EA0D-48E8-821A-112A6D6CE231}.Debug|x64.Build.0 = Debug|Any CPU
		{66702F2C-EA0D-48E8-821A-112A6D6CE231}.Debug|x86.ActiveCfg = Debug|Any CPU
		{66702F2C-EA0D-48E8-821A-112A6D6CE231}.Debug|x86.Build.0 = Debug|Any CPU
		{66702F2C-EA0D-48E8-821A-112A6D6CE231}.Release|Any CPU.ActiveCfg = Release|Any CPU
		{66702F2C-EA0D-48E8-821A-112A6D6CE231}.Release|Any CPU.Build.0 = Release|Any CPU
		{66702F2C-EA0D-48E8-821A-112A6D6CE231}.Release|x64.ActiveCfg = Release|Any CPU
		{66702F2C-EA0D-48E8-821A-112A6D6CE231}.Release|x64.Build.0 = Release|Any CPU
		{66702F2C-EA0D-48E8-821A-112A6D6CE231}.Release|x86.ActiveCfg = Release|Any CPU
		{66702F2C-EA0D-48E8-821A-112A6D6CE231}.Release|x86.Build.0 = Release|Any CPU
		{A92E15F9-CD84-43BF-8AF8-C605B9DFD264}.Debug|Any CPU.ActiveCfg = Debug|Any CPU
		{A92E15F9-CD84-43BF-8AF8-C605B9DFD264}.Debug|Any CPU.Build.0 = Debug|Any CPU
		{A92E15F9-CD84-43BF-8AF8-C605B9DFD264}.Debug|x64.ActiveCfg = Debug|Any CPU
		{A92E15F9-CD84-43BF-8AF8-C605B9DFD264}.Debug|x64.Build.0 = Debug|Any CPU
		{A92E15F9-CD84-43BF-8AF8-C605B9DFD264}.Debug|x86.ActiveCfg = Debug|Any CPU
		{A92E15F9-CD84-43BF-8AF8-C605B9DFD264}.Debug|x86.Build.0 = Debug|Any CPU
		{A92E15F9-CD84-43BF-8AF8-C605B9DFD264}.Release|Any CPU.ActiveCfg = Release|Any CPU
		{A92E15F9-CD84-43BF-8AF8-C605B9DFD264}.Release|Any CPU.Build.0 = Release|Any CPU
		{A92E15F9-CD84-43BF-8AF8-C605B9DFD264}.Release|x64.ActiveCfg = Release|Any CPU
		{A92E15F9-CD84-43BF-8AF8-C605B9DFD264}.Release|x64.Build.0 = Release|Any CPU
		{A92E15F9-CD84-43BF-8AF8-C605B9DFD264}.Release|x86.ActiveCfg = Release|Any CPU
		{A92E15F9-CD84-43BF-8AF8-C605B9DFD264}.Release|x86.Build.0 = Release|Any CPU
		{F0619A4F-381A-4A42-AD88-2726BA1FECC4}.Debug|Any CPU.ActiveCfg = Debug|Any CPU
		{F0619A4F-381A-4A42-AD88-2726BA1FECC4}.Debug|Any CPU.Build.0 = Debug|Any CPU
		{F0619A4F-381A-4A42-AD88-2726BA1FECC4}.Debug|x64.ActiveCfg = Debug|Any CPU
		{F0619A4F-381A-4A42-AD88-2726BA1FECC4}.Debug|x64.Build.0 = Debug|Any CPU
		{F0619A4F-381A-4A42-AD88-2726BA1FECC4}.Debug|x86.ActiveCfg = Debug|Any CPU
		{F0619A4F-381A-4A42-AD88-2726BA1FECC4}.Debug|x86.Build.0 = Debug|Any CPU
		{F0619A4F-381A-4A42-AD88-2726BA1FECC4}.Release|Any CPU.ActiveCfg = Release|Any CPU
		{F0619A4F-381A-4A42-AD88-2726BA1FECC4}.Release|Any CPU.Build.0 = Release|Any CPU
		{F0619A4F-381A-4A42-AD88-2726BA1FECC4}.Release|x64.ActiveCfg = Release|Any CPU
		{F0619A4F-381A-4A42-AD88-2726BA1FECC4}.Release|x64.Build.0 = Release|Any CPU
		{F0619A4F-381A-4A42-AD88-2726BA1FECC4}.Release|x86.ActiveCfg = Release|Any CPU
		{F0619A4F-381A-4A42-AD88-2726BA1FECC4}.Release|x86.Build.0 = Release|Any CPU
		{7FF390B6-8FEF-471A-91AF-664FE2177BF2}.Debug|Any CPU.ActiveCfg = Debug|Any CPU
		{7FF390B6-8FEF-471A-91AF-664FE2177BF2}.Debug|Any CPU.Build.0 = Debug|Any CPU
		{7FF390B6-8FEF-471A-91AF-664FE2177BF2}.Debug|x64.ActiveCfg = Debug|Any CPU
		{7FF390B6-8FEF-471A-91AF-664FE2177BF2}.Debug|x64.Build.0 = Debug|Any CPU
		{7FF390B6-8FEF-471A-91AF-664FE2177BF2}.Debug|x86.ActiveCfg = Debug|Any CPU
		{7FF390B6-8FEF-471A-91AF-664FE2177BF2}.Debug|x86.Build.0 = Debug|Any CPU
		{7FF390B6-8FEF-471A-91AF-664FE2177BF2}.Release|Any CPU.ActiveCfg = Release|Any CPU
		{7FF390B6-8FEF-471A-91AF-664FE2177BF2}.Release|Any CPU.Build.0 = Release|Any CPU
		{7FF390B6-8FEF-471A-91AF-664FE2177BF2}.Release|x64.ActiveCfg = Release|Any CPU
		{7FF390B6-8FEF-471A-91AF-664FE2177BF2}.Release|x64.Build.0 = Release|Any CPU
		{7FF390B6-8FEF-471A-91AF-664FE2177BF2}.Release|x86.ActiveCfg = Release|Any CPU
		{7FF390B6-8FEF-471A-91AF-664FE2177BF2}.Release|x86.Build.0 = Release|Any CPU
		{5D607C14-A7B0-4055-A1F6-6CC64102DE57}.Debug|Any CPU.ActiveCfg = Debug|Any CPU
		{5D607C14-A7B0-4055-A1F6-6CC64102DE57}.Debug|Any CPU.Build.0 = Debug|Any CPU
		{5D607C14-A7B0-4055-A1F6-6CC64102DE57}.Debug|x64.ActiveCfg = Debug|Any CPU
		{5D607C14-A7B0-4055-A1F6-6CC64102DE57}.Debug|x64.Build.0 = Debug|Any CPU
		{5D607C14-A7B0-4055-A1F6-6CC64102DE57}.Debug|x86.ActiveCfg = Debug|Any CPU
		{5D607C14-A7B0-4055-A1F6-6CC64102DE57}.Debug|x86.Build.0 = Debug|Any CPU
		{5D607C14-A7B0-4055-A1F6-6CC64102DE57}.Release|Any CPU.ActiveCfg = Release|Any CPU
		{5D607C14-A7B0-4055-A1F6-6CC64102DE57}.Release|Any CPU.Build.0 = Release|Any CPU
		{5D607C14-A7B0-4055-A1F6-6CC64102DE57}.Release|x64.ActiveCfg = Release|Any CPU
		{5D607C14-A7B0-4055-A1F6-6CC64102DE57}.Release|x64.Build.0 = Release|Any CPU
		{5D607C14-A7B0-4055-A1F6-6CC64102DE57}.Release|x86.ActiveCfg = Release|Any CPU
		{5D607C14-A7B0-4055-A1F6-6CC64102DE57}.Release|x86.Build.0 = Release|Any CPU
		{6EB80459-3AE8-4832-BD6F-F0DE5A59337B}.Debug|Any CPU.ActiveCfg = Debug|Any CPU
		{6EB80459-3AE8-4832-BD6F-F0DE5A59337B}.Debug|Any CPU.Build.0 = Debug|Any CPU
		{6EB80459-3AE8-4832-BD6F-F0DE5A59337B}.Debug|x64.ActiveCfg = Debug|Any CPU
		{6EB80459-3AE8-4832-BD6F-F0DE5A59337B}.Debug|x64.Build.0 = Debug|Any CPU
		{6EB80459-3AE8-4832-BD6F-F0DE5A59337B}.Debug|x86.ActiveCfg = Debug|Any CPU
		{6EB80459-3AE8-4832-BD6F-F0DE5A59337B}.Debug|x86.Build.0 = Debug|Any CPU
		{6EB80459-3AE8-4832-BD6F-F0DE5A59337B}.Release|Any CPU.ActiveCfg = Release|Any CPU
		{6EB80459-3AE8-4832-BD6F-F0DE5A59337B}.Release|Any CPU.Build.0 = Release|Any CPU
		{6EB80459-3AE8-4832-BD6F-F0DE5A59337B}.Release|x64.ActiveCfg = Release|Any CPU
		{6EB80459-3AE8-4832-BD6F-F0DE5A59337B}.Release|x64.Build.0 = Release|Any CPU
		{6EB80459-3AE8-4832-BD6F-F0DE5A59337B}.Release|x86.ActiveCfg = Release|Any CPU
		{6EB80459-3AE8-4832-BD6F-F0DE5A59337B}.Release|x86.Build.0 = Release|Any CPU
		{BAE5E3C9-D7A6-4C4C-8291-1141031E4215}.Debug|Any CPU.ActiveCfg = Debug|Any CPU
		{BAE5E3C9-D7A6-4C4C-8291-1141031E4215}.Debug|Any CPU.Build.0 = Debug|Any CPU
		{BAE5E3C9-D7A6-4C4C-8291-1141031E4215}.Debug|x64.ActiveCfg = Debug|Any CPU
		{BAE5E3C9-D7A6-4C4C-8291-1141031E4215}.Debug|x64.Build.0 = Debug|Any CPU
		{BAE5E3C9-D7A6-4C4C-8291-1141031E4215}.Debug|x86.ActiveCfg = Debug|Any CPU
		{BAE5E3C9-D7A6-4C4C-8291-1141031E4215}.Debug|x86.Build.0 = Debug|Any CPU
		{BAE5E3C9-D7A6-4C4C-8291-1141031E4215}.Release|Any CPU.ActiveCfg = Release|Any CPU
		{BAE5E3C9-D7A6-4C4C-8291-1141031E4215}.Release|Any CPU.Build.0 = Release|Any CPU
		{BAE5E3C9-D7A6-4C4C-8291-1141031E4215}.Release|x64.ActiveCfg = Release|Any CPU
		{BAE5E3C9-D7A6-4C4C-8291-1141031E4215}.Release|x64.Build.0 = Release|Any CPU
		{BAE5E3C9-D7A6-4C4C-8291-1141031E4215}.Release|x86.ActiveCfg = Release|Any CPU
		{BAE5E3C9-D7A6-4C4C-8291-1141031E4215}.Release|x86.Build.0 = Release|Any CPU
		{F383C752-9039-494E-9545-5E2555EE9747}.Debug|Any CPU.ActiveCfg = Debug|Any CPU
		{F383C752-9039-494E-9545-5E2555EE9747}.Debug|Any CPU.Build.0 = Debug|Any CPU
		{F383C752-9039-494E-9545-5E2555EE9747}.Debug|x64.ActiveCfg = Debug|Any CPU
		{F383C752-9039-494E-9545-5E2555EE9747}.Debug|x64.Build.0 = Debug|Any CPU
		{F383C752-9039-494E-9545-5E2555EE9747}.Debug|x86.ActiveCfg = Debug|Any CPU
		{F383C752-9039-494E-9545-5E2555EE9747}.Debug|x86.Build.0 = Debug|Any CPU
		{F383C752-9039-494E-9545-5E2555EE9747}.Release|Any CPU.ActiveCfg = Release|Any CPU
		{F383C752-9039-494E-9545-5E2555EE9747}.Release|Any CPU.Build.0 = Release|Any CPU
		{F383C752-9039-494E-9545-5E2555EE9747}.Release|x64.ActiveCfg = Release|Any CPU
		{F383C752-9039-494E-9545-5E2555EE9747}.Release|x64.Build.0 = Release|Any CPU
		{F383C752-9039-494E-9545-5E2555EE9747}.Release|x86.ActiveCfg = Release|Any CPU
		{F383C752-9039-494E-9545-5E2555EE9747}.Release|x86.Build.0 = Release|Any CPU
		{9FD661C0-DE31-4FED-A98D-123B476BB3D8}.Debug|Any CPU.ActiveCfg = Debug|Any CPU
		{9FD661C0-DE31-4FED-A98D-123B476BB3D8}.Debug|Any CPU.Build.0 = Debug|Any CPU
		{9FD661C0-DE31-4FED-A98D-123B476BB3D8}.Debug|x64.ActiveCfg = Debug|Any CPU
		{9FD661C0-DE31-4FED-A98D-123B476BB3D8}.Debug|x64.Build.0 = Debug|Any CPU
		{9FD661C0-DE31-4FED-A98D-123B476BB3D8}.Debug|x86.ActiveCfg = Debug|Any CPU
		{9FD661C0-DE31-4FED-A98D-123B476BB3D8}.Debug|x86.Build.0 = Debug|Any CPU
		{9FD661C0-DE31-4FED-A98D-123B476BB3D8}.Release|Any CPU.ActiveCfg = Release|Any CPU
		{9FD661C0-DE31-4FED-A98D-123B476BB3D8}.Release|Any CPU.Build.0 = Release|Any CPU
		{9FD661C0-DE31-4FED-A98D-123B476BB3D8}.Release|x64.ActiveCfg = Release|Any CPU
		{9FD661C0-DE31-4FED-A98D-123B476BB3D8}.Release|x64.Build.0 = Release|Any CPU
		{9FD661C0-DE31-4FED-A98D-123B476BB3D8}.Release|x86.ActiveCfg = Release|Any CPU
		{9FD661C0-DE31-4FED-A98D-123B476BB3D8}.Release|x86.Build.0 = Release|Any CPU
		{46919655-7708-45F0-AB90-FD662ED8D4F7}.Debug|Any CPU.ActiveCfg = Debug|Any CPU
		{46919655-7708-45F0-AB90-FD662ED8D4F7}.Debug|Any CPU.Build.0 = Debug|Any CPU
		{46919655-7708-45F0-AB90-FD662ED8D4F7}.Debug|Any CPU.Deploy.0 = Debug|Any CPU
		{46919655-7708-45F0-AB90-FD662ED8D4F7}.Debug|x64.ActiveCfg = Debug|Any CPU
		{46919655-7708-45F0-AB90-FD662ED8D4F7}.Debug|x64.Build.0 = Debug|Any CPU
		{46919655-7708-45F0-AB90-FD662ED8D4F7}.Debug|x86.ActiveCfg = Debug|Any CPU
		{46919655-7708-45F0-AB90-FD662ED8D4F7}.Debug|x86.Build.0 = Debug|Any CPU
		{46919655-7708-45F0-AB90-FD662ED8D4F7}.Release|Any CPU.ActiveCfg = Release|Any CPU
		{46919655-7708-45F0-AB90-FD662ED8D4F7}.Release|Any CPU.Build.0 = Release|Any CPU
		{46919655-7708-45F0-AB90-FD662ED8D4F7}.Release|x64.ActiveCfg = Release|Any CPU
		{46919655-7708-45F0-AB90-FD662ED8D4F7}.Release|x64.Build.0 = Release|Any CPU
		{46919655-7708-45F0-AB90-FD662ED8D4F7}.Release|x86.ActiveCfg = Release|Any CPU
		{46919655-7708-45F0-AB90-FD662ED8D4F7}.Release|x86.Build.0 = Release|Any CPU
		{134B22A6-D079-4FB3-5E89-2F3E6E3FE9F7}.Debug|Any CPU.ActiveCfg = Debug|Any CPU
		{134B22A6-D079-4FB3-5E89-2F3E6E3FE9F7}.Debug|Any CPU.Build.0 = Debug|Any CPU
		{134B22A6-D079-4FB3-5E89-2F3E6E3FE9F7}.Debug|x64.ActiveCfg = Debug|Any CPU
		{134B22A6-D079-4FB3-5E89-2F3E6E3FE9F7}.Debug|x64.Build.0 = Debug|Any CPU
		{134B22A6-D079-4FB3-5E89-2F3E6E3FE9F7}.Debug|x86.ActiveCfg = Debug|Any CPU
		{134B22A6-D079-4FB3-5E89-2F3E6E3FE9F7}.Debug|x86.Build.0 = Debug|Any CPU
		{134B22A6-D079-4FB3-5E89-2F3E6E3FE9F7}.Release|Any CPU.ActiveCfg = Release|Any CPU
		{134B22A6-D079-4FB3-5E89-2F3E6E3FE9F7}.Release|Any CPU.Build.0 = Release|Any CPU
		{134B22A6-D079-4FB3-5E89-2F3E6E3FE9F7}.Release|x64.ActiveCfg = Release|Any CPU
		{134B22A6-D079-4FB3-5E89-2F3E6E3FE9F7}.Release|x64.Build.0 = Release|Any CPU
		{134B22A6-D079-4FB3-5E89-2F3E6E3FE9F7}.Release|x86.ActiveCfg = Release|Any CPU
		{134B22A6-D079-4FB3-5E89-2F3E6E3FE9F7}.Release|x86.Build.0 = Release|Any CPU
	EndGlobalSection
	GlobalSection(SolutionProperties) = preSolution
		HideSolutionNode = FALSE
	EndGlobalSection
	GlobalSection(NestedProjects) = preSolution
		{1751F55C-5AE3-43DF-ADEB-8615B9102F70} = {D4B49614-55AA-46B7-B639-0EE7BAFAA722}
		{70F0798B-3685-44C2-B8F6-6EAEF57174B0} = {D4B49614-55AA-46B7-B639-0EE7BAFAA722}
		{A4DF68F1-79F7-4B73-B1F6-BB59A6B8F136} = {D4B49614-55AA-46B7-B639-0EE7BAFAA722}
		{66702F2C-EA0D-48E8-821A-112A6D6CE231} = {D4B49614-55AA-46B7-B639-0EE7BAFAA722}
		{A92E15F9-CD84-43BF-8AF8-C605B9DFD264} = {D4B49614-55AA-46B7-B639-0EE7BAFAA722}
		{F0619A4F-381A-4A42-AD88-2726BA1FECC4} = {D4B49614-55AA-46B7-B639-0EE7BAFAA722}
		{7FF390B6-8FEF-471A-91AF-664FE2177BF2} = {D4B49614-55AA-46B7-B639-0EE7BAFAA722}
		{5D607C14-A7B0-4055-A1F6-6CC64102DE57} = {1D9F464E-31FB-4275-8332-F1083911F830}
		{6EB80459-3AE8-4832-BD6F-F0DE5A59337B} = {1D9F464E-31FB-4275-8332-F1083911F830}
		{BAE5E3C9-D7A6-4C4C-8291-1141031E4215} = {1D9F464E-31FB-4275-8332-F1083911F830}
		{F383C752-9039-494E-9545-5E2555EE9747} = {75225A8D-3180-4D86-9D4D-0E85C8AF7810}
		{9FD661C0-DE31-4FED-A98D-123B476BB3D8} = {1D9F464E-31FB-4275-8332-F1083911F830}
		{46919655-7708-45F0-AB90-FD662ED8D4F7} = {75225A8D-3180-4D86-9D4D-0E85C8AF7810}
		{134B22A6-D079-4FB3-5E89-2F3E6E3FE9F7} = {1D9F464E-31FB-4275-8332-F1083911F830}
	EndGlobalSection
	GlobalSection(ExtensibilityGlobals) = postSolution
		SolutionGuid = {88623A3A-C685-437C-B399-435FB5B24FE9}
	EndGlobalSection
EndGlobal
