
Microsoft Visual Studio Solution File, Format Version 12.00
# Visual Studio 14
VisualStudioVersion = 14.0.25420.1
MinimumVisualStudioVersion = 10.0.40219.1
Project("{2150E333-8FDC-42A3-9474-1A3956D46DE8}") = "Solution Items", "Solution Items", "{A42F4EF1-66F0-4ED0-9672-351D297D1DF7}"
	ProjectSection(SolutionItems) = preProject
		appveyor.yml = appveyor.yml
		global.json = global.json
		README.md = README.md
	EndProjectSection
EndProject
Project("{2150E333-8FDC-42A3-9474-1A3956D46DE8}") = "src", "src", "{D4B49614-55AA-46B7-B639-0EE7BAFAA722}"
EndProject
Project("{2150E333-8FDC-42A3-9474-1A3956D46DE8}") = "test", "test", "{1D9F464E-31FB-4275-8332-F1083911F830}"
EndProject
Project("{8BB2217D-0F2D-49D1-97BC-3654ED321F3B}") = "Darker", "src\Darker\Darker.xproj", "{1751F55C-5AE3-43DF-ADEB-8615B9102F70}"
EndProject
Project("{8BB2217D-0F2D-49D1-97BC-3654ED321F3B}") = "Darker.Tests", "test\Darker.Tests\Darker.Tests.xproj", "{5D607C14-A7B0-4055-A1F6-6CC64102DE57}"
EndProject
Global
	GlobalSection(SolutionConfigurationPlatforms) = preSolution
		Debug|Any CPU = Debug|Any CPU
		Release|Any CPU = Release|Any CPU
	EndGlobalSection
	GlobalSection(ProjectConfigurationPlatforms) = postSolution
		{1751F55C-5AE3-43DF-ADEB-8615B9102F70}.Debug|Any CPU.ActiveCfg = Debug|Any CPU
		{1751F55C-5AE3-43DF-ADEB-8615B9102F70}.Debug|Any CPU.Build.0 = Debug|Any CPU
		{1751F55C-5AE3-43DF-ADEB-8615B9102F70}.Release|Any CPU.ActiveCfg = Release|Any CPU
		{1751F55C-5AE3-43DF-ADEB-8615B9102F70}.Release|Any CPU.Build.0 = Release|Any CPU
		{5D607C14-A7B0-4055-A1F6-6CC64102DE57}.Debug|Any CPU.ActiveCfg = Debug|Any CPU
		{5D607C14-A7B0-4055-A1F6-6CC64102DE57}.Debug|Any CPU.Build.0 = Debug|Any CPU
		{5D607C14-A7B0-4055-A1F6-6CC64102DE57}.Release|Any CPU.ActiveCfg = Release|Any CPU
		{5D607C14-A7B0-4055-A1F6-6CC64102DE57}.Release|Any CPU.Build.0 = Release|Any CPU
	EndGlobalSection
	GlobalSection(SolutionProperties) = preSolution
		HideSolutionNode = FALSE
	EndGlobalSection
	GlobalSection(NestedProjects) = preSolution
		{1751F55C-5AE3-43DF-ADEB-8615B9102F70} = {D4B49614-55AA-46B7-B639-0EE7BAFAA722}
		{5D607C14-A7B0-4055-A1F6-6CC64102DE57} = {1D9F464E-31FB-4275-8332-F1083911F830}
	EndGlobalSection
EndGlobal
